
Microsoft Visual Studio Solution File, Format Version 12.00
# Visual Studio Version 17
VisualStudioVersion = 17.2.32516.85
MinimumVisualStudioVersion = 10.0.40219.1
Project("{9A19103F-16F7-4668-BE54-9A1E7A4F7556}") = "Extensions.Pack", "src\Extensions.Pack\Extensions.Pack.csproj", "{599D2DB4-40EC-4DEB-BE8D-72042B5A314D}"
EndProject
Project("{9A19103F-16F7-4668-BE54-9A1E7A4F7556}") = "Extensions.Pack.Test", "src\Extensions.Pack.Test\Extensions.Pack.Test.csproj", "{FDD127F1-2CE5-42AD-9C4F-074F6EA721E0}"
EndProject
Project("{2150E333-8FDC-42A3-9474-1A3956D46DE8}") = "Solution Items", "Solution Items", "{1E056F65-7733-4922-92C1-956684F5B985}"
	ProjectSection(SolutionItems) = preProject
		.editorconfig = .editorconfig
		Directory.Build.props = Directory.Build.props
	EndProjectSection
EndProject
Project("{2150E333-8FDC-42A3-9474-1A3956D46DE8}") = "CICD", "CICD", "{9B8D4C17-479B-4E84-A80C-CFAD6BA4F6D1}"
	ProjectSection(SolutionItems) = preProject
		azure-pipelines.yml = azure-pipelines.yml
	EndProjectSection
EndProject
Project("{2150E333-8FDC-42A3-9474-1A3956D46DE8}") = "GitVersion", "GitVersion", "{4C1BC51C-F259-4BFC-B188-3B75773BC8FA}"
	ProjectSection(SolutionItems) = preProject
		GitVersion.yml = GitVersion.yml
	EndProjectSection
EndProject
Project("{2150E333-8FDC-42A3-9474-1A3956D46DE8}") = "Docu", "Docu", "{11B5A5AE-F7C5-4842-9092-0FB1A2142418}"
	ProjectSection(SolutionItems) = preProject
		README.md = README.md
	EndProjectSection
EndProject
Global
	GlobalSection(SolutionConfigurationPlatforms) = preSolution
		Debug|Any CPU = Debug|Any CPU
		Release|Any CPU = Release|Any CPU
	EndGlobalSection
	GlobalSection(ProjectConfigurationPlatforms) = postSolution
		{599D2DB4-40EC-4DEB-BE8D-72042B5A314D}.Debug|Any CPU.ActiveCfg = Debug|Any CPU
		{599D2DB4-40EC-4DEB-BE8D-72042B5A314D}.Debug|Any CPU.Build.0 = Debug|Any CPU
		{599D2DB4-40EC-4DEB-BE8D-72042B5A314D}.Release|Any CPU.ActiveCfg = Release|Any CPU
		{599D2DB4-40EC-4DEB-BE8D-72042B5A314D}.Release|Any CPU.Build.0 = Release|Any CPU
		{FDD127F1-2CE5-42AD-9C4F-074F6EA721E0}.Debug|Any CPU.ActiveCfg = Debug|Any CPU
		{FDD127F1-2CE5-42AD-9C4F-074F6EA721E0}.Debug|Any CPU.Build.0 = Debug|Any CPU
		{FDD127F1-2CE5-42AD-9C4F-074F6EA721E0}.Release|Any CPU.ActiveCfg = Release|Any CPU
		{FDD127F1-2CE5-42AD-9C4F-074F6EA721E0}.Release|Any CPU.Build.0 = Release|Any CPU
	EndGlobalSection
	GlobalSection(SolutionProperties) = preSolution
		HideSolutionNode = FALSE
	EndGlobalSection
	GlobalSection(ExtensibilityGlobals) = postSolution
		SolutionGuid = {F0CF62A7-EE86-46BB-9028-43146D17424A}
	EndGlobalSection
EndGlobal
